
Microsoft Visual Studio Solution File, Format Version 12.00
Project("{FAE04EC0-301F-11D3-BF4B-00C04F79EFBC}") = "CodeTitans.OdysseusClient", "CodeTitans.OdysseusClient\CodeTitans.OdysseusClient.csproj", "{12382DC7-9CE6-4741-BF67-8E4CD926A1F2}"
EndProject
Project("{FAE04EC0-301F-11D3-BF4B-00C04F79EFBC}") = "UnitTests", "UnitTests\UnitTests.csproj", "{F711F949-515E-483C-AC3A-AEC7FF69F374}"
EndProject
Global
	GlobalSection(SolutionConfigurationPlatforms) = preSolution
		Debug|Any CPU = Debug|Any CPU
		Release|Any CPU = Release|Any CPU
	EndGlobalSection
	GlobalSection(ProjectConfigurationPlatforms) = postSolution
		{12382DC7-9CE6-4741-BF67-8E4CD926A1F2}.Debug|Any CPU.ActiveCfg = Debug|Any CPU
		{12382DC7-9CE6-4741-BF67-8E4CD926A1F2}.Debug|Any CPU.Build.0 = Debug|Any CPU
		{12382DC7-9CE6-4741-BF67-8E4CD926A1F2}.Release|Any CPU.ActiveCfg = Release|Any CPU
		{12382DC7-9CE6-4741-BF67-8E4CD926A1F2}.Release|Any CPU.Build.0 = Release|Any CPU
		{F711F949-515E-483C-AC3A-AEC7FF69F374}.Debug|Any CPU.ActiveCfg = Debug|Any CPU
		{F711F949-515E-483C-AC3A-AEC7FF69F374}.Debug|Any CPU.Build.0 = Debug|Any CPU
		{F711F949-515E-483C-AC3A-AEC7FF69F374}.Release|Any CPU.ActiveCfg = Release|Any CPU
		{F711F949-515E-483C-AC3A-AEC7FF69F374}.Release|Any CPU.Build.0 = Release|Any CPU
	EndGlobalSection
EndGlobal
